
Microsoft Visual Studio Solution File, Format Version 12.00
# Visual Studio Version 16
VisualStudioVersion = 16.0.29613.14
MinimumVisualStudioVersion = 10.0.40219.1
Project("{F2A71F9B-5D33-465A-A702-920D77279786}") = "ConsoleApp1", "ConsoleApp1\ConsoleApp1.fsproj", "{8F7C57A7-997E-4BC3-9390-CEDE5DD7D18A}"
EndProject
Global
	GlobalSection(SolutionConfigurationPlatforms) = preSolution
		Debug|Any CPU = Debug|Any CPU
		Release|Any CPU = Release|Any CPU
	EndGlobalSection
	GlobalSection(ProjectConfigurationPlatforms) = postSolution
		{8F7C57A7-997E-4BC3-9390-CEDE5DD7D18A}.Debug|Any CPU.ActiveCfg = Debug|Any CPU
		{8F7C57A7-997E-4BC3-9390-CEDE5DD7D18A}.Debug|Any CPU.Build.0 = Debug|Any CPU
		{8F7C57A7-997E-4BC3-9390-CEDE5DD7D18A}.Release|Any CPU.ActiveCfg = Release|Any CPU
		{8F7C57A7-997E-4BC3-9390-CEDE5DD7D18A}.Release|Any CPU.Build.0 = Release|Any CPU
	EndGlobalSection
	GlobalSection(SolutionProperties) = preSolution
		HideSolutionNode = FALSE
	EndGlobalSection
	GlobalSection(ExtensibilityGlobals) = postSolution
		SolutionGuid = {6B545A2E-848F-419C-BA00-B21906085C4E}
	EndGlobalSection
EndGlobal
